
Microsoft Visual Studio Solution File, Format Version 12.00
# Visual Studio Version 17
VisualStudioVersion = 17.10.35122.118
MinimumVisualStudioVersion = 10.0.40219.1
Project("{FAE04EC0-301F-11D3-BF4B-00C04F79EFBC}") = "LibraryTask", "LibraryTask.csproj", "{22965429-E786-4429-A25D-056B79A1D864}"
EndProject
Global
	GlobalSection(SolutionConfigurationPlatforms) = preSolution
		Debug|Any CPU = Debug|Any CPU
		Release|Any CPU = Release|Any CPU
	EndGlobalSection
	GlobalSection(ProjectConfigurationPlatforms) = postSolution
		{22965429-E786-4429-A25D-056B79A1D864}.Debug|Any CPU.ActiveCfg = Debug|Any CPU
		{22965429-E786-4429-A25D-056B79A1D864}.Debug|Any CPU.Build.0 = Debug|Any CPU
		{22965429-E786-4429-A25D-056B79A1D864}.Release|Any CPU.ActiveCfg = Release|Any CPU
		{22965429-E786-4429-A25D-056B79A1D864}.Release|Any CPU.Build.0 = Release|Any CPU
	EndGlobalSection
	GlobalSection(SolutionProperties) = preSolution
		HideSolutionNode = FALSE
	EndGlobalSection
	GlobalSection(ExtensibilityGlobals) = postSolution
		SolutionGuid = {2810899B-26D7-4970-97F4-428212B9F699}
	EndGlobalSection
EndGlobal
